<?xml version="1.0" encoding="utf-8"?>
<Project ToolsVersion="4.0" xmlns="http://schemas.microsoft.com/developer/msbuild/2003">
  <ItemGroup>
    <Filter Include="_Precompiled Header">
      <UniqueIdentifier>{40a509df-03f2-412c-b45a-becedfcccc5e}</UniqueIdentifier>
    </Filter>
    <Filter Include="Game">
      <UniqueIdentifier>{b594329b-5cdc-497d-b11d-d3f83385cb71}</UniqueIdentifier>
    </Filter>
  </ItemGroup>
  <ItemGroup>
    <ClCompile Include="pch.cpp">
      <Filter>_Precompiled Header</Filter>
    </ClCompile>
    <ClCompile Include="DirectXGame.cpp">
      <Filter>Game</Filter>
    </ClCompile>
  </ItemGroup>
  <ItemGroup>
    <None Include="packages.config" />
  </ItemGroup>
  <ItemGroup>
    <ClInclude Include="pch.h">
      <Filter>_Precompiled Header</Filter>
    </ClInclude>
  </ItemGroup>
</Project>