<?xml version="1.0" encoding="utf-8"?>
<Project ToolsVersion="4.0" xmlns="http://schemas.microsoft.com/developer/msbuild/2003">
  <ItemGroup>
    <Filter Include="Resource Files">
      <UniqueIdentifier>{67DA6AB6-F800-4c08-8B7A-83BB121AAD01}</UniqueIdentifier>
      <Extensions>rc;ico;cur;bmp;dlg;rc2;rct;bin;rgs;gif;jpg;jpeg;jpe;resx;tiff;tif;png;wav;mfcribbon-ms</Extensions>
    </Filter>
    <Filter Include="Datum">
      <UniqueIdentifier>{fed2e44b-7171-4c2e-98e1-9f66e7a11e65}</UniqueIdentifier>
    </Filter>
    <Filter Include="Precompiled Header">
      <UniqueIdentifier>{393aeed4-31f9-48c2-b621-ff8e80500f18}</UniqueIdentifier>
    </Filter>
    <Filter Include="Storage">
      <UniqueIdentifier>{dc64ff8e-29f5-447e-b883-0cb772b19506}</UniqueIdentifier>
    </Filter>
    <Filter Include="Storage\HashMap">
      <UniqueIdentifier>{dde02c87-9ee9-4f63-ae9b-138b92a38e22}</UniqueIdentifier>
    </Filter>
    <Filter Include="Storage\Vector">
      <UniqueIdentifier>{bb30c127-45e5-4c4c-8bff-acb21212b6e3}</UniqueIdentifier>
    </Filter>
    <Filter Include="Storage\SList">
      <UniqueIdentifier>{13932c7f-3ebb-482b-b9b4-4a03b46db89b}</UniqueIdentifier>
    </Filter>
    <Filter Include="Datum\TypeState">
      <UniqueIdentifier>{0866b993-4784-4aef-8d44-e1d6558ca03b}</UniqueIdentifier>
    </Filter>
    <Filter Include="Datum\TypeState\Integer">
      <UniqueIdentifier>{b282db97-1fa2-4803-a995-02579c7539f1}</UniqueIdentifier>
    </Filter>
    <Filter Include="Datum\TypeState\Base Class">
      <UniqueIdentifier>{67ca90a5-b34c-4dad-9568-e340600042c8}</UniqueIdentifier>
    </Filter>
    <Filter Include="Datum\TypeState\Float">
      <UniqueIdentifier>{76cecd8c-7302-4f5b-a0f4-3c66259f21b2}</UniqueIdentifier>
    </Filter>
    <Filter Include="Datum\TypeState\Vector">
      <UniqueIdentifier>{d98ed69f-0f2b-4d53-8efd-fc93f95e7b4d}</UniqueIdentifier>
    </Filter>
    <Filter Include="Datum\TypeState\String">
      <UniqueIdentifier>{f03fc57d-c3ca-493c-9918-b5e15defcb00}</UniqueIdentifier>
    </Filter>
    <Filter Include="Datum\TypeState\Pointer">
      <UniqueIdentifier>{761dfb5b-de1f-411a-93ea-904e429601c7}</UniqueIdentifier>
    </Filter>
    <Filter Include="Datum\TypeState\Matrix">
      <UniqueIdentifier>{80fefe37-a69f-4083-9987-1bcac7e33841}</UniqueIdentifier>
    </Filter>
    <Filter Include="Scope">
      <UniqueIdentifier>{25c4be4c-2454-40a8-9a21-f3a58a856780}</UniqueIdentifier>
    </Filter>
    <Filter Include="Datum\TypeState\Scope">
      <UniqueIdentifier>{854a684e-3f85-458b-b71a-1651f4616008}</UniqueIdentifier>
    </Filter>
    <Filter Include="Attributed">
      <UniqueIdentifier>{ab220c37-ca5a-4ede-bd5d-0a2f424a2b09}</UniqueIdentifier>
    </Filter>
    <Filter Include="XmlParser">
      <UniqueIdentifier>{962178d1-b14d-42ba-9a05-71ca9c8e3eea}</UniqueIdentifier>
    </Filter>
    <Filter Include="XmlParser\IXmlParseHelper">
      <UniqueIdentifier>{7e46eaf5-46c6-4e59-a7e1-28bf125a2dd5}</UniqueIdentifier>
    </Filter>
    <Filter Include="XmlParser\XmlParseMaster">
      <UniqueIdentifier>{6f080fac-7767-40af-ad9a-3cddfcc1d70d}</UniqueIdentifier>
    </Filter>
    <Filter Include="XmlParser\XmlParseHelperScope">
      <UniqueIdentifier>{84e678f7-7113-4262-a713-bfe550cdd791}</UniqueIdentifier>
    </Filter>
    <Filter Include="Factory">
      <UniqueIdentifier>{fe1138b4-3753-4663-a380-1fbb27bdeaf6}</UniqueIdentifier>
    </Filter>
    <Filter Include="Entity">
      <UniqueIdentifier>{66c3a046-d85b-48f0-8f60-0749b7fa12bf}</UniqueIdentifier>
    </Filter>
    <Filter Include="World State">
      <UniqueIdentifier>{6e3df7f5-972c-46ae-b2bb-7443bef76c88}</UniqueIdentifier>
    </Filter>
    <Filter Include="World">
      <UniqueIdentifier>{85bd87cb-afbc-449c-acfc-56d91ee98ff7}</UniqueIdentifier>
    </Filter>
    <Filter Include="GameTime">
      <UniqueIdentifier>{5c04cb7b-08f4-4de2-96db-02169c856534}</UniqueIdentifier>
    </Filter>
    <Filter Include="XmlParser\XmlParseHelperEntity">
      <UniqueIdentifier>{b691f31c-b224-4aa3-9c78-d7f46094a687}</UniqueIdentifier>
    </Filter>
    <Filter Include="Sector">
      <UniqueIdentifier>{d3d57e6b-659e-4a78-9e2e-9739aef9c301}</UniqueIdentifier>
    </Filter>
  </ItemGroup>
  <ItemGroup>
    <Text Include="ReadMe.txt" />
  </ItemGroup>
  <ItemGroup>
    <ClInclude Include="Datum.h">
      <Filter>Datum</Filter>
    </ClInclude>
    <ClInclude Include="DefaultHash.h">
      <Filter>Storage\HashMap</Filter>
    </ClInclude>
    <ClInclude Include="HashMap.h">
      <Filter>Storage\HashMap</Filter>
    </ClInclude>
    <ClInclude Include="RTTI.h">
      <Filter>Datum</Filter>
    </ClInclude>
    <ClInclude Include="SList.h">
      <Filter>Storage\SList</Filter>
    </ClInclude>
    <ClInclude Include="Vector.h">
      <Filter>Storage\Vector</Filter>
    </ClInclude>
    <ClInclude Include="pch.h">
      <Filter>Precompiled Header</Filter>
    </ClInclude>
    <ClInclude Include="IntegerState.h">
      <Filter>Datum\TypeState\Integer</Filter>
    </ClInclude>
    <ClInclude Include="TypeState.h">
      <Filter>Datum\TypeState\Base Class</Filter>
    </ClInclude>
    <ClInclude Include="FloatState.h">
      <Filter>Datum\TypeState\Float</Filter>
    </ClInclude>
    <ClInclude Include="VectorState.h">
      <Filter>Datum\TypeState\Vector</Filter>
    </ClInclude>
    <ClInclude Include="MatrixState.h">
      <Filter>Datum\TypeState\Matrix</Filter>
    </ClInclude>
    <ClInclude Include="StringState.h">
      <Filter>Datum\TypeState\String</Filter>
    </ClInclude>
    <ClInclude Include="PointerState.h">
      <Filter>Datum\TypeState\Pointer</Filter>
    </ClInclude>
    <ClInclude Include="Scope.h">
      <Filter>Scope</Filter>
    </ClInclude>
    <ClInclude Include="ScopeState.h">
      <Filter>Datum\TypeState\Scope</Filter>
    </ClInclude>
    <ClInclude Include="Attributed.h">
      <Filter>Attributed</Filter>
    </ClInclude>
    <ClInclude Include="IXmlParseHelper.h">
      <Filter>XmlParser\IXmlParseHelper</Filter>
    </ClInclude>
    <ClInclude Include="XmlParseMaster.h">
      <Filter>XmlParser\XmlParseMaster</Filter>
    </ClInclude>
    <ClInclude Include="XmlParseHelperScope.h">
      <Filter>XmlParser\XmlParseHelperScope</Filter>
    </ClInclude>
    <ClInclude Include="SharedDataScope.h">
      <Filter>XmlParser\XmlParseHelperScope</Filter>
    </ClInclude>
    <ClInclude Include="Factory.h">
      <Filter>Factory</Filter>
    </ClInclude>
    <ClInclude Include="Sector.h">
      <Filter>Sector</Filter>
    </ClInclude>
    <ClInclude Include="Entity.h">
      <Filter>Entity</Filter>
    </ClInclude>
    <ClInclude Include="WorldState.h">
      <Filter>World State</Filter>
    </ClInclude>
    <ClInclude Include="World.h">
      <Filter>World</Filter>
    </ClInclude>
    <ClInclude Include="GameClock.h">
      <Filter>GameTime</Filter>
    </ClInclude>
    <ClInclude Include="GameTime.h">
      <Filter>GameTime</Filter>
    </ClInclude>
    <ClInclude Include="XmlParseHelperEntity.h">
      <Filter>XmlParser\XmlParseHelperEntity</Filter>
    </ClInclude>
  </ItemGroup>
  <ItemGroup>
    <ClCompile Include="Datum.cpp">
      <Filter>Datum</Filter>
    </ClCompile>
    <ClCompile Include="pch.cpp">
      <Filter>Precompiled Header</Filter>
    </ClCompile>
    <ClCompile Include="IntegerState.cpp">
      <Filter>Datum\TypeState\Integer</Filter>
    </ClCompile>
    <ClCompile Include="TypeState.cpp">
      <Filter>Datum\TypeState\Base Class</Filter>
    </ClCompile>
    <ClCompile Include="FloatState.cpp">
      <Filter>Datum\TypeState\Float</Filter>
    </ClCompile>
    <ClCompile Include="VectorState.cpp">
      <Filter>Datum\TypeState\Vector</Filter>
    </ClCompile>
    <ClCompile Include="MatrixState.cpp">
      <Filter>Datum\TypeState\Matrix</Filter>
    </ClCompile>
    <ClCompile Include="StringState.cpp">
      <Filter>Datum\TypeState\String</Filter>
    </ClCompile>
    <ClCompile Include="PointerState.cpp">
      <Filter>Datum\TypeState\Pointer</Filter>
    </ClCompile>
    <ClCompile Include="Scope.cpp">
      <Filter>Scope</Filter>
    </ClCompile>
    <ClCompile Include="ScopeState.cpp">
      <Filter>Datum\TypeState\Scope</Filter>
    </ClCompile>
    <ClCompile Include="Attributed.cpp">
      <Filter>Attributed</Filter>
    </ClCompile>
    <ClCompile Include="IXmlParseHelper.cpp">
      <Filter>XmlParser\IXmlParseHelper</Filter>
    </ClCompile>
    <ClCompile Include="XmlParseMaster.cpp">
      <Filter>XmlParser\XmlParseMaster</Filter>
    </ClCompile>
    <ClCompile Include="XmlParseHelperScope.cpp">
      <Filter>XmlParser\XmlParseHelperScope</Filter>
    </ClCompile>
    <ClCompile Include="SharedDataScope.cpp">
      <Filter>XmlParser\XmlParseHelperScope</Filter>
    </ClCompile>
    <ClCompile Include="Sector.cpp">
      <Filter>Sector</Filter>
    </ClCompile>
    <ClCompile Include="Entity.cpp">
      <Filter>Entity</Filter>
    </ClCompile>
    <ClCompile Include="WorldState.cpp">
      <Filter>World State</Filter>
    </ClCompile>
    <ClCompile Include="World.cpp">
      <Filter>World</Filter>
    </ClCompile>
    <ClCompile Include="GameClock.cpp">
      <Filter>GameTime</Filter>
    </ClCompile>
    <ClCompile Include="GameTime.cpp">
      <Filter>GameTime</Filter>
    </ClCompile>
    <ClCompile Include="XmlParseHelperEntity.cpp">
      <Filter>XmlParser\XmlParseHelperEntity</Filter>
    </ClCompile>
  </ItemGroup>
  <ItemGroup>
    <None Include="packages.config" />
    <None Include="HashMap.inl">
      <Filter>Storage\HashMap</Filter>
    </None>
    <None Include="SList.inl">
      <Filter>Storage\SList</Filter>
    </None>
    <None Include="Vector.inl">
      <Filter>Storage\Vector</Filter>
    </None>
  </ItemGroup>
</Project>