<?xml version="1.0" encoding="utf-8"?>
<Project ToolsVersion="4.0" xmlns="http://schemas.microsoft.com/developer/msbuild/2003">
  <ItemGroup>
    <Filter Include="Resource Files">
      <UniqueIdentifier>{67DA6AB6-F800-4c08-8B7A-83BB121AAD01}</UniqueIdentifier>
      <Extensions>rc;ico;cur;bmp;dlg;rc2;rct;bin;rgs;gif;jpg;jpeg;jpe;resx;tiff;tif;png;wav;mfcribbon-ms</Extensions>
    </Filter>
    <Filter Include="Datum">
      <UniqueIdentifier>{fed2e44b-7171-4c2e-98e1-9f66e7a11e65}</UniqueIdentifier>
    </Filter>
    <Filter Include="Precompiled Header">
      <UniqueIdentifier>{393aeed4-31f9-48c2-b621-ff8e80500f18}</UniqueIdentifier>
    </Filter>
    <Filter Include="Storage">
      <UniqueIdentifier>{dc64ff8e-29f5-447e-b883-0cb772b19506}</UniqueIdentifier>
    </Filter>
    <Filter Include="Storage\HashMap">
      <UniqueIdentifier>{dde02c87-9ee9-4f63-ae9b-138b92a38e22}</UniqueIdentifier>
    </Filter>
    <Filter Include="Storage\Vector">
      <UniqueIdentifier>{bb30c127-45e5-4c4c-8bff-acb21212b6e3}</UniqueIdentifier>
    </Filter>
    <Filter Include="Storage\SList">
      <UniqueIdentifier>{13932c7f-3ebb-482b-b9b4-4a03b46db89b}</UniqueIdentifier>
    </Filter>
  </ItemGroup>
  <ItemGroup>
    <Text Include="ReadMe.txt" />
  </ItemGroup>
  <ItemGroup>
    <ClInclude Include="Datum.h">
      <Filter>Datum</Filter>
    </ClInclude>
    <ClInclude Include="DefaultHash.h">
      <Filter>Storage\HashMap</Filter>
    </ClInclude>
    <ClInclude Include="HashMap.h">
      <Filter>Storage\HashMap</Filter>
    </ClInclude>
    <ClInclude Include="RTTI.h">
      <Filter>Datum</Filter>
    </ClInclude>
    <ClInclude Include="SList.h">
      <Filter>Storage\SList</Filter>
    </ClInclude>
    <ClInclude Include="Vector.h">
      <Filter>Storage\Vector</Filter>
    </ClInclude>
    <ClInclude Include="pch.h">
      <Filter>Precompiled Header</Filter>
    </ClInclude>
  </ItemGroup>
  <ItemGroup>
    <ClCompile Include="Datum.cpp">
      <Filter>Datum</Filter>
    </ClCompile>
    <ClCompile Include="pch.cpp">
      <Filter>Precompiled Header</Filter>
    </ClCompile>
  </ItemGroup>
  <ItemGroup>
    <None Include="packages.config" />
    <None Include="HashMap.inl">
      <Filter>Storage\HashMap</Filter>
    </None>
    <None Include="SList.inl">
      <Filter>Storage\SList</Filter>
    </None>
    <None Include="Vector.inl">
      <Filter>Storage\Vector</Filter>
    </None>
  </ItemGroup>
</Project>