<?xml version="1.0" encoding="utf-8"?>
<Project ToolsVersion="4.0" xmlns="http://schemas.microsoft.com/developer/msbuild/2003">
  <ItemGroup>
    <Filter Include="Game">
      <UniqueIdentifier>{d1e1369e-0d7c-4328-baa8-735eeb0ead35}</UniqueIdentifier>
    </Filter>
    <Filter Include="_Precompiled Header">
      <UniqueIdentifier>{a26a0581-2e3e-47fd-83a4-4a4faabc0eee}</UniqueIdentifier>
    </Filter>
  </ItemGroup>
  <ItemGroup>
    <ClCompile Include="OpenGLGame.cpp">
      <Filter>Game</Filter>
    </ClCompile>
    <ClCompile Include="pch.cpp">
      <Filter>_Precompiled Header</Filter>
    </ClCompile>
  </ItemGroup>
  <ItemGroup>
    <None Include="packages.config" />
  </ItemGroup>
  <ItemGroup>
    <ClInclude Include="pch.h">
      <Filter>_Precompiled Header</Filter>
    </ClInclude>
  </ItemGroup>
</Project>